
Microsoft Visual Studio Solution File, Format Version 12.00
# Visual Studio 14
VisualStudioVersion = 14.0.25420.1
MinimumVisualStudioVersion = 10.0.40219.1
Project("{FAE04EC0-301F-11D3-BF4B-00C04F79EFBC}") = "App2", "App2\App2\App2.csproj", "{0054F234-CAC8-4D84-A1BB-EA78043FF665}"
EndProject
Project("{FAE04EC0-301F-11D3-BF4B-00C04F79EFBC}") = "App2.Droid", "App2\App2.Droid\App2.Droid.csproj", "{D1397B57-26E8-4F47-A38A-5773061202B4}"
EndProject
Project("{FAE04EC0-301F-11D3-BF4B-00C04F79EFBC}") = "App2.iOS", "App2\App2.iOS\App2.iOS.csproj", "{0C9FDE8A-F62D-4F90-B28C-DDDF12622A24}"
EndProject
Project("{FAE04EC0-301F-11D3-BF4B-00C04F79EFBC}") = "App2.WinPhone", "App2\App2.WinPhone\App2.WinPhone.csproj", "{751152A3-8B95-49EB-9169-8ACC088431FD}"
EndProject
Project("{FAE04EC0-301F-11D3-BF4B-00C04F79EFBC}") = "App2.UWP", "App2\App2.UWP\App2.UWP.csproj", "{C5D7EE9C-C04C-458A-A23C-113412A56CED}"
EndProject
Project("{FAE04EC0-301F-11D3-BF4B-00C04F79EFBC}") = "App2.Windows", "App2\App2.Windows\App2.Windows.csproj", "{2552EBCE-5B31-4CA0-9282-584424B5FE88}"
EndProject
Global
	GlobalSection(SolutionConfigurationPlatforms) = preSolution
		Ad-Hoc|Any CPU = Ad-Hoc|Any CPU
		Ad-Hoc|ARM = Ad-Hoc|ARM
		Ad-Hoc|iPhone = Ad-Hoc|iPhone
		Ad-Hoc|iPhoneSimulator = Ad-Hoc|iPhoneSimulator
		Ad-Hoc|x64 = Ad-Hoc|x64
		Ad-Hoc|x86 = Ad-Hoc|x86
		AppStore|Any CPU = AppStore|Any CPU
		AppStore|ARM = AppStore|ARM
		AppStore|iPhone = AppStore|iPhone
		AppStore|iPhoneSimulator = AppStore|iPhoneSimulator
		AppStore|x64 = AppStore|x64
		AppStore|x86 = AppStore|x86
		Debug|Any CPU = Debug|Any CPU
		Debug|ARM = Debug|ARM
		Debug|iPhone = Debug|iPhone
		Debug|iPhoneSimulator = Debug|iPhoneSimulator
		Debug|x64 = Debug|x64
		Debug|x86 = Debug|x86
		Release|Any CPU = Release|Any CPU
		Release|ARM = Release|ARM
		Release|iPhone = Release|iPhone
		Release|iPhoneSimulator = Release|iPhoneSimulator
		Release|x64 = Release|x64
		Release|x86 = Release|x86
	EndGlobalSection
	GlobalSection(ProjectConfigurationPlatforms) = postSolution
		{0054F234-CAC8-4D84-A1BB-EA78043FF665}.Ad-Hoc|Any CPU.ActiveCfg = Release|Any CPU
		{0054F234-CAC8-4D84-A1BB-EA78043FF665}.Ad-Hoc|Any CPU.Build.0 = Release|Any CPU
		{0054F234-CAC8-4D84-A1BB-EA78043FF665}.Ad-Hoc|ARM.ActiveCfg = Release|Any CPU
		{0054F234-CAC8-4D84-A1BB-EA78043FF665}.Ad-Hoc|ARM.Build.0 = Release|Any CPU
		{0054F234-CAC8-4D84-A1BB-EA78043FF665}.Ad-Hoc|iPhone.ActiveCfg = Release|Any CPU
		{0054F234-CAC8-4D84-A1BB-EA78043FF665}.Ad-Hoc|iPhone.Build.0 = Release|Any CPU
		{0054F234-CAC8-4D84-A1BB-EA78043FF665}.Ad-Hoc|iPhoneSimulator.ActiveCfg = Release|Any CPU
		{0054F234-CAC8-4D84-A1BB-EA78043FF665}.Ad-Hoc|iPhoneSimulator.Build.0 = Release|Any CPU
		{0054F234-CAC8-4D84-A1BB-EA78043FF665}.Ad-Hoc|x64.ActiveCfg = Release|Any CPU
		{0054F234-CAC8-4D84-A1BB-EA78043FF665}.Ad-Hoc|x64.Build.0 = Release|Any CPU
		{0054F234-CAC8-4D84-A1BB-EA78043FF665}.Ad-Hoc|x86.ActiveCfg = Release|Any CPU
		{0054F234-CAC8-4D84-A1BB-EA78043FF665}.Ad-Hoc|x86.Build.0 = Release|Any CPU
		{0054F234-CAC8-4D84-A1BB-EA78043FF665}.AppStore|Any CPU.ActiveCfg = Release|Any CPU
		{0054F234-CAC8-4D84-A1BB-EA78043FF665}.AppStore|Any CPU.Build.0 = Release|Any CPU
		{0054F234-CAC8-4D84-A1BB-EA78043FF665}.AppStore|ARM.ActiveCfg = Release|Any CPU
		{0054F234-CAC8-4D84-A1BB-EA78043FF665}.AppStore|ARM.Build.0 = Release|Any CPU
		{0054F234-CAC8-4D84-A1BB-EA78043FF665}.AppStore|iPhone.ActiveCfg = Release|Any CPU
		{0054F234-CAC8-4D84-A1BB-EA78043FF665}.AppStore|iPhone.Build.0 = Release|Any CPU
		{0054F234-CAC8-4D84-A1BB-EA78043FF665}.AppStore|iPhoneSimulator.ActiveCfg = Release|Any CPU
		{0054F234-CAC8-4D84-A1BB-EA78043FF665}.AppStore|iPhoneSimulator.Build.0 = Release|Any CPU
		{0054F234-CAC8-4D84-A1BB-EA78043FF665}.AppStore|x64.ActiveCfg = Release|Any CPU
		{0054F234-CAC8-4D84-A1BB-EA78043FF665}.AppStore|x64.Build.0 = Release|Any CPU
		{0054F234-CAC8-4D84-A1BB-EA78043FF665}.AppStore|x86.ActiveCfg = Release|Any CPU
		{0054F234-CAC8-4D84-A1BB-EA78043FF665}.AppStore|x86.Build.0 = Release|Any CPU
		{0054F234-CAC8-4D84-A1BB-EA78043FF665}.Debug|Any CPU.ActiveCfg = Debug|Any CPU
		{0054F234-CAC8-4D84-A1BB-EA78043FF665}.Debug|Any CPU.Build.0 = Debug|Any CPU
		{0054F234-CAC8-4D84-A1BB-EA78043FF665}.Debug|Any CPU.Deploy.0 = Debug|Any CPU
		{0054F234-CAC8-4D84-A1BB-EA78043FF665}.Debug|ARM.ActiveCfg = Debug|Any CPU
		{0054F234-CAC8-4D84-A1BB-EA78043FF665}.Debug|ARM.Build.0 = Debug|Any CPU
		{0054F234-CAC8-4D84-A1BB-EA78043FF665}.Debug|iPhone.ActiveCfg = Debug|Any CPU
		{0054F234-CAC8-4D84-A1BB-EA78043FF665}.Debug|iPhone.Build.0 = Debug|Any CPU
		{0054F234-CAC8-4D84-A1BB-EA78043FF665}.Debug|iPhoneSimulator.ActiveCfg = Debug|Any CPU
		{0054F234-CAC8-4D84-A1BB-EA78043FF665}.Debug|iPhoneSimulator.Build.0 = Debug|Any CPU
		{0054F234-CAC8-4D84-A1BB-EA78043FF665}.Debug|x64.ActiveCfg = Debug|Any CPU
		{0054F234-CAC8-4D84-A1BB-EA78043FF665}.Debug|x64.Build.0 = Debug|Any CPU
		{0054F234-CAC8-4D84-A1BB-EA78043FF665}.Debug|x86.ActiveCfg = Debug|Any CPU
		{0054F234-CAC8-4D84-A1BB-EA78043FF665}.Debug|x86.Build.0 = Debug|Any CPU
		{0054F234-CAC8-4D84-A1BB-EA78043FF665}.Release|Any CPU.ActiveCfg = Release|Any CPU
		{0054F234-CAC8-4D84-A1BB-EA78043FF665}.Release|Any CPU.Build.0 = Release|Any CPU
		{0054F234-CAC8-4D84-A1BB-EA78043FF665}.Release|ARM.ActiveCfg = Release|Any CPU
		{0054F234-CAC8-4D84-A1BB-EA78043FF665}.Release|ARM.Build.0 = Release|Any CPU
		{0054F234-CAC8-4D84-A1BB-EA78043FF665}.Release|iPhone.ActiveCfg = Release|Any CPU
		{0054F234-CAC8-4D84-A1BB-EA78043FF665}.Release|iPhone.Build.0 = Release|Any CPU
		{0054F234-CAC8-4D84-A1BB-EA78043FF665}.Release|iPhoneSimulator.ActiveCfg = Release|Any CPU
		{0054F234-CAC8-4D84-A1BB-EA78043FF665}.Release|iPhoneSimulator.Build.0 = Release|Any CPU
		{0054F234-CAC8-4D84-A1BB-EA78043FF665}.Release|x64.ActiveCfg = Release|Any CPU
		{0054F234-CAC8-4D84-A1BB-EA78043FF665}.Release|x64.Build.0 = Release|Any CPU
		{0054F234-CAC8-4D84-A1BB-EA78043FF665}.Release|x86.ActiveCfg = Release|Any CPU
		{0054F234-CAC8-4D84-A1BB-EA78043FF665}.Release|x86.Build.0 = Release|Any CPU
		{D1397B57-26E8-4F47-A38A-5773061202B4}.Ad-Hoc|Any CPU.ActiveCfg = Release|Any CPU
		{D1397B57-26E8-4F47-A38A-5773061202B4}.Ad-Hoc|Any CPU.Build.0 = Release|Any CPU
		{D1397B57-26E8-4F47-A38A-5773061202B4}.Ad-Hoc|Any CPU.Deploy.0 = Release|Any CPU
		{D1397B57-26E8-4F47-A38A-5773061202B4}.Ad-Hoc|ARM.ActiveCfg = Release|Any CPU
		{D1397B57-26E8-4F47-A38A-5773061202B4}.Ad-Hoc|ARM.Build.0 = Release|Any CPU
		{D1397B57-26E8-4F47-A38A-5773061202B4}.Ad-Hoc|ARM.Deploy.0 = Release|Any CPU
		{D1397B57-26E8-4F47-A38A-5773061202B4}.Ad-Hoc|iPhone.ActiveCfg = Release|Any CPU
		{D1397B57-26E8-4F47-A38A-5773061202B4}.Ad-Hoc|iPhone.Build.0 = Release|Any CPU
		{D1397B57-26E8-4F47-A38A-5773061202B4}.Ad-Hoc|iPhone.Deploy.0 = Release|Any CPU
		{D1397B57-26E8-4F47-A38A-5773061202B4}.Ad-Hoc|iPhoneSimulator.ActiveCfg = Release|Any CPU
		{D1397B57-26E8-4F47-A38A-5773061202B4}.Ad-Hoc|iPhoneSimulator.Build.0 = Release|Any CPU
		{D1397B57-26E8-4F47-A38A-5773061202B4}.Ad-Hoc|iPhoneSimulator.Deploy.0 = Release|Any CPU
		{D1397B57-26E8-4F47-A38A-5773061202B4}.Ad-Hoc|x64.ActiveCfg = Release|Any CPU
		{D1397B57-26E8-4F47-A38A-5773061202B4}.Ad-Hoc|x64.Build.0 = Release|Any CPU
		{D1397B57-26E8-4F47-A38A-5773061202B4}.Ad-Hoc|x64.Deploy.0 = Release|Any CPU
		{D1397B57-26E8-4F47-A38A-5773061202B4}.Ad-Hoc|x86.ActiveCfg = Release|Any CPU
		{D1397B57-26E8-4F47-A38A-5773061202B4}.Ad-Hoc|x86.Build.0 = Release|Any CPU
		{D1397B57-26E8-4F47-A38A-5773061202B4}.Ad-Hoc|x86.Deploy.0 = Release|Any CPU
		{D1397B57-26E8-4F47-A38A-5773061202B4}.AppStore|Any CPU.ActiveCfg = Release|Any CPU
		{D1397B57-26E8-4F47-A38A-5773061202B4}.AppStore|Any CPU.Build.0 = Release|Any CPU
		{D1397B57-26E8-4F47-A38A-5773061202B4}.AppStore|Any CPU.Deploy.0 = Release|Any CPU
		{D1397B57-26E8-4F47-A38A-5773061202B4}.AppStore|ARM.ActiveCfg = Release|Any CPU
		{D1397B57-26E8-4F47-A38A-5773061202B4}.AppStore|ARM.Build.0 = Release|Any CPU
		{D1397B57-26E8-4F47-A38A-5773061202B4}.AppStore|ARM.Deploy.0 = Release|Any CPU
		{D1397B57-26E8-4F47-A38A-5773061202B4}.AppStore|iPhone.ActiveCfg = Release|Any CPU
		{D1397B57-26E8-4F47-A38A-5773061202B4}.AppStore|iPhone.Build.0 = Release|Any CPU
		{D1397B57-26E8-4F47-A38A-5773061202B4}.AppStore|iPhone.Deploy.0 = Release|Any CPU
		{D1397B57-26E8-4F47-A38A-5773061202B4}.AppStore|iPhoneSimulator.ActiveCfg = Release|Any CPU
		{D1397B57-26E8-4F47-A38A-5773061202B4}.AppStore|iPhoneSimulator.Build.0 = Release|Any CPU
		{D1397B57-26E8-4F47-A38A-5773061202B4}.AppStore|iPhoneSimulator.Deploy.0 = Release|Any CPU
		{D1397B57-26E8-4F47-A38A-5773061202B4}.AppStore|x64.ActiveCfg = Release|Any CPU
		{D1397B57-26E8-4F47-A38A-5773061202B4}.AppStore|x64.Build.0 = Release|Any CPU
		{D1397B57-26E8-4F47-A38A-5773061202B4}.AppStore|x64.Deploy.0 = Release|Any CPU
		{D1397B57-26E8-4F47-A38A-5773061202B4}.AppStore|x86.ActiveCfg = Release|Any CPU
		{D1397B57-26E8-4F47-A38A-5773061202B4}.AppStore|x86.Build.0 = Release|Any CPU
		{D1397B57-26E8-4F47-A38A-5773061202B4}.AppStore|x86.Deploy.0 = Release|Any CPU
		{D1397B57-26E8-4F47-A38A-5773061202B4}.Debug|Any CPU.ActiveCfg = Debug|Any CPU
		{D1397B57-26E8-4F47-A38A-5773061202B4}.Debug|Any CPU.Build.0 = Debug|Any CPU
		{D1397B57-26E8-4F47-A38A-5773061202B4}.Debug|Any CPU.Deploy.0 = Debug|Any CPU
		{D1397B57-26E8-4F47-A38A-5773061202B4}.Debug|ARM.ActiveCfg = Debug|Any CPU
		{D1397B57-26E8-4F47-A38A-5773061202B4}.Debug|ARM.Build.0 = Debug|Any CPU
		{D1397B57-26E8-4F47-A38A-5773061202B4}.Debug|ARM.Deploy.0 = Debug|Any CPU
		{D1397B57-26E8-4F47-A38A-5773061202B4}.Debug|iPhone.ActiveCfg = Debug|Any CPU
		{D1397B57-26E8-4F47-A38A-5773061202B4}.Debug|iPhone.Build.0 = Debug|Any CPU
		{D1397B57-26E8-4F47-A38A-5773061202B4}.Debug|iPhone.Deploy.0 = Debug|Any CPU
		{D1397B57-26E8-4F47-A38A-5773061202B4}.Debug|iPhoneSimulator.ActiveCfg = Debug|Any CPU
		{D1397B57-26E8-4F47-A38A-5773061202B4}.Debug|iPhoneSimulator.Build.0 = Debug|Any CPU
		{D1397B57-26E8-4F47-A38A-5773061202B4}.Debug|iPhoneSimulator.Deploy.0 = Debug|Any CPU
		{D1397B57-26E8-4F47-A38A-5773061202B4}.Debug|x64.ActiveCfg = Debug|Any CPU
		{D1397B57-26E8-4F47-A38A-5773061202B4}.Debug|x64.Build.0 = Debug|Any CPU
		{D1397B57-26E8-4F47-A38A-5773061202B4}.Debug|x64.Deploy.0 = Debug|Any CPU
		{D1397B57-26E8-4F47-A38A-5773061202B4}.Debug|x86.ActiveCfg = Debug|Any CPU
		{D1397B57-26E8-4F47-A38A-5773061202B4}.Debug|x86.Build.0 = Debug|Any CPU
		{D1397B57-26E8-4F47-A38A-5773061202B4}.Debug|x86.Deploy.0 = Debug|Any CPU
		{D1397B57-26E8-4F47-A38A-5773061202B4}.Release|Any CPU.ActiveCfg = Release|Any CPU
		{D1397B57-26E8-4F47-A38A-5773061202B4}.Release|Any CPU.Build.0 = Release|Any CPU
		{D1397B57-26E8-4F47-A38A-5773061202B4}.Release|Any CPU.Deploy.0 = Release|Any CPU
		{D1397B57-26E8-4F47-A38A-5773061202B4}.Release|ARM.ActiveCfg = Release|Any CPU
		{D1397B57-26E8-4F47-A38A-5773061202B4}.Release|ARM.Build.0 = Release|Any CPU
		{D1397B57-26E8-4F47-A38A-5773061202B4}.Release|ARM.Deploy.0 = Release|Any CPU
		{D1397B57-26E8-4F47-A38A-5773061202B4}.Release|iPhone.ActiveCfg = Release|Any CPU
		{D1397B57-26E8-4F47-A38A-5773061202B4}.Release|iPhone.Build.0 = Release|Any CPU
		{D1397B57-26E8-4F47-A38A-5773061202B4}.Release|iPhone.Deploy.0 = Release|Any CPU
		{D1397B57-26E8-4F47-A38A-5773061202B4}.Release|iPhoneSimulator.ActiveCfg = Release|Any CPU
		{D1397B57-26E8-4F47-A38A-5773061202B4}.Release|iPhoneSimulator.Build.0 = Release|Any CPU
		{D1397B57-26E8-4F47-A38A-5773061202B4}.Release|iPhoneSimulator.Deploy.0 = Release|Any CPU
		{D1397B57-26E8-4F47-A38A-5773061202B4}.Release|x64.ActiveCfg = Release|Any CPU
		{D1397B57-26E8-4F47-A38A-5773061202B4}.Release|x64.Build.0 = Release|Any CPU
		{D1397B57-26E8-4F47-A38A-5773061202B4}.Release|x64.Deploy.0 = Release|Any CPU
		{D1397B57-26E8-4F47-A38A-5773061202B4}.Release|x86.ActiveCfg = Release|Any CPU
		{D1397B57-26E8-4F47-A38A-5773061202B4}.Release|x86.Build.0 = Release|Any CPU
		{D1397B57-26E8-4F47-A38A-5773061202B4}.Release|x86.Deploy.0 = Release|Any CPU
		{0C9FDE8A-F62D-4F90-B28C-DDDF12622A24}.Ad-Hoc|Any CPU.ActiveCfg = Ad-Hoc|iPhone
		{0C9FDE8A-F62D-4F90-B28C-DDDF12622A24}.Ad-Hoc|ARM.ActiveCfg = Ad-Hoc|iPhone
		{0C9FDE8A-F62D-4F90-B28C-DDDF12622A24}.Ad-Hoc|iPhone.ActiveCfg = Ad-Hoc|iPhone
		{0C9FDE8A-F62D-4F90-B28C-DDDF12622A24}.Ad-Hoc|iPhone.Build.0 = Ad-Hoc|iPhone
		{0C9FDE8A-F62D-4F90-B28C-DDDF12622A24}.Ad-Hoc|iPhoneSimulator.ActiveCfg = Ad-Hoc|iPhoneSimulator
		{0C9FDE8A-F62D-4F90-B28C-DDDF12622A24}.Ad-Hoc|iPhoneSimulator.Build.0 = Ad-Hoc|iPhoneSimulator
		{0C9FDE8A-F62D-4F90-B28C-DDDF12622A24}.Ad-Hoc|x64.ActiveCfg = Ad-Hoc|iPhone
		{0C9FDE8A-F62D-4F90-B28C-DDDF12622A24}.Ad-Hoc|x86.ActiveCfg = Ad-Hoc|iPhone
		{0C9FDE8A-F62D-4F90-B28C-DDDF12622A24}.AppStore|Any CPU.ActiveCfg = AppStore|iPhone
		{0C9FDE8A-F62D-4F90-B28C-DDDF12622A24}.AppStore|ARM.ActiveCfg = AppStore|iPhone
		{0C9FDE8A-F62D-4F90-B28C-DDDF12622A24}.AppStore|iPhone.ActiveCfg = AppStore|iPhone
		{0C9FDE8A-F62D-4F90-B28C-DDDF12622A24}.AppStore|iPhone.Build.0 = AppStore|iPhone
		{0C9FDE8A-F62D-4F90-B28C-DDDF12622A24}.AppStore|iPhoneSimulator.ActiveCfg = AppStore|iPhoneSimulator
		{0C9FDE8A-F62D-4F90-B28C-DDDF12622A24}.AppStore|iPhoneSimulator.Build.0 = AppStore|iPhoneSimulator
		{0C9FDE8A-F62D-4F90-B28C-DDDF12622A24}.AppStore|x64.ActiveCfg = AppStore|iPhone
		{0C9FDE8A-F62D-4F90-B28C-DDDF12622A24}.AppStore|x86.ActiveCfg = AppStore|iPhone
		{0C9FDE8A-F62D-4F90-B28C-DDDF12622A24}.Debug|Any CPU.ActiveCfg = Debug|iPhone
		{0C9FDE8A-F62D-4F90-B28C-DDDF12622A24}.Debug|ARM.ActiveCfg = Debug|iPhone
		{0C9FDE8A-F62D-4F90-B28C-DDDF12622A24}.Debug|iPhone.ActiveCfg = Debug|iPhone
		{0C9FDE8A-F62D-4F90-B28C-DDDF12622A24}.Debug|iPhone.Build.0 = Debug|iPhone
		{0C9FDE8A-F62D-4F90-B28C-DDDF12622A24}.Debug|iPhoneSimulator.ActiveCfg = Debug|iPhoneSimulator
		{0C9FDE8A-F62D-4F90-B28C-DDDF12622A24}.Debug|iPhoneSimulator.Build.0 = Debug|iPhoneSimulator
		{0C9FDE8A-F62D-4F90-B28C-DDDF12622A24}.Debug|x64.ActiveCfg = Debug|iPhone
		{0C9FDE8A-F62D-4F90-B28C-DDDF12622A24}.Debug|x86.ActiveCfg = Debug|iPhone
		{0C9FDE8A-F62D-4F90-B28C-DDDF12622A24}.Release|Any CPU.ActiveCfg = Release|iPhone
		{0C9FDE8A-F62D-4F90-B28C-DDDF12622A24}.Release|ARM.ActiveCfg = Release|iPhone
		{0C9FDE8A-F62D-4F90-B28C-DDDF12622A24}.Release|iPhone.ActiveCfg = Release|iPhone
		{0C9FDE8A-F62D-4F90-B28C-DDDF12622A24}.Release|iPhone.Build.0 = Release|iPhone
		{0C9FDE8A-F62D-4F90-B28C-DDDF12622A24}.Release|iPhoneSimulator.ActiveCfg = Release|iPhoneSimulator
		{0C9FDE8A-F62D-4F90-B28C-DDDF12622A24}.Release|iPhoneSimulator.Build.0 = Release|iPhoneSimulator
		{0C9FDE8A-F62D-4F90-B28C-DDDF12622A24}.Release|x64.ActiveCfg = Release|iPhone
		{0C9FDE8A-F62D-4F90-B28C-DDDF12622A24}.Release|x86.ActiveCfg = Release|iPhone
		{751152A3-8B95-49EB-9169-8ACC088431FD}.Ad-Hoc|Any CPU.ActiveCfg = Release|Any CPU
		{751152A3-8B95-49EB-9169-8ACC088431FD}.Ad-Hoc|Any CPU.Build.0 = Release|Any CPU
		{751152A3-8B95-49EB-9169-8ACC088431FD}.Ad-Hoc|Any CPU.Deploy.0 = Release|Any CPU
		{751152A3-8B95-49EB-9169-8ACC088431FD}.Ad-Hoc|ARM.ActiveCfg = Release|ARM
		{751152A3-8B95-49EB-9169-8ACC088431FD}.Ad-Hoc|ARM.Build.0 = Release|ARM
		{751152A3-8B95-49EB-9169-8ACC088431FD}.Ad-Hoc|ARM.Deploy.0 = Release|ARM
		{751152A3-8B95-49EB-9169-8ACC088431FD}.Ad-Hoc|iPhone.ActiveCfg = Release|Any CPU
		{751152A3-8B95-49EB-9169-8ACC088431FD}.Ad-Hoc|iPhone.Build.0 = Release|Any CPU
		{751152A3-8B95-49EB-9169-8ACC088431FD}.Ad-Hoc|iPhone.Deploy.0 = Release|Any CPU
		{751152A3-8B95-49EB-9169-8ACC088431FD}.Ad-Hoc|iPhoneSimulator.ActiveCfg = Release|Any CPU
		{751152A3-8B95-49EB-9169-8ACC088431FD}.Ad-Hoc|iPhoneSimulator.Build.0 = Release|Any CPU
		{751152A3-8B95-49EB-9169-8ACC088431FD}.Ad-Hoc|iPhoneSimulator.Deploy.0 = Release|Any CPU
		{751152A3-8B95-49EB-9169-8ACC088431FD}.Ad-Hoc|x64.ActiveCfg = Release|Any CPU
		{751152A3-8B95-49EB-9169-8ACC088431FD}.Ad-Hoc|x64.Build.0 = Release|Any CPU
		{751152A3-8B95-49EB-9169-8ACC088431FD}.Ad-Hoc|x64.Deploy.0 = Release|Any CPU
		{751152A3-8B95-49EB-9169-8ACC088431FD}.Ad-Hoc|x86.ActiveCfg = Release|x86
		{751152A3-8B95-49EB-9169-8ACC088431FD}.Ad-Hoc|x86.Build.0 = Release|x86
		{751152A3-8B95-49EB-9169-8ACC088431FD}.Ad-Hoc|x86.Deploy.0 = Release|x86
		{751152A3-8B95-49EB-9169-8ACC088431FD}.AppStore|Any CPU.ActiveCfg = Release|Any CPU
		{751152A3-8B95-49EB-9169-8ACC088431FD}.AppStore|Any CPU.Build.0 = Release|Any CPU
		{751152A3-8B95-49EB-9169-8ACC088431FD}.AppStore|Any CPU.Deploy.0 = Release|Any CPU
		{751152A3-8B95-49EB-9169-8ACC088431FD}.AppStore|ARM.ActiveCfg = Release|ARM
		{751152A3-8B95-49EB-9169-8ACC088431FD}.AppStore|ARM.Build.0 = Release|ARM
		{751152A3-8B95-49EB-9169-8ACC088431FD}.AppStore|ARM.Deploy.0 = Release|ARM
		{751152A3-8B95-49EB-9169-8ACC088431FD}.AppStore|iPhone.ActiveCfg = Release|Any CPU
		{751152A3-8B95-49EB-9169-8ACC088431FD}.AppStore|iPhone.Build.0 = Release|Any CPU
		{751152A3-8B95-49EB-9169-8ACC088431FD}.AppStore|iPhone.Deploy.0 = Release|Any CPU
		{751152A3-8B95-49EB-9169-8ACC088431FD}.AppStore|iPhoneSimulator.ActiveCfg = Release|Any CPU
		{751152A3-8B95-49EB-9169-8ACC088431FD}.AppStore|iPhoneSimulator.Build.0 = Release|Any CPU
		{751152A3-8B95-49EB-9169-8ACC088431FD}.AppStore|iPhoneSimulator.Deploy.0 = Release|Any CPU
		{751152A3-8B95-49EB-9169-8ACC088431FD}.AppStore|x64.ActiveCfg = Release|Any CPU
		{751152A3-8B95-49EB-9169-8ACC088431FD}.AppStore|x64.Build.0 = Release|Any CPU
		{751152A3-8B95-49EB-9169-8ACC088431FD}.AppStore|x64.Deploy.0 = Release|Any CPU
		{751152A3-8B95-49EB-9169-8ACC088431FD}.AppStore|x86.ActiveCfg = Release|x86
		{751152A3-8B95-49EB-9169-8ACC088431FD}.AppStore|x86.Build.0 = Release|x86
		{751152A3-8B95-49EB-9169-8ACC088431FD}.AppStore|x86.Deploy.0 = Release|x86
		{751152A3-8B95-49EB-9169-8ACC088431FD}.Debug|Any CPU.ActiveCfg = Debug|Any CPU
		{751152A3-8B95-49EB-9169-8ACC088431FD}.Debug|Any CPU.Build.0 = Debug|Any CPU
		{751152A3-8B95-49EB-9169-8ACC088431FD}.Debug|Any CPU.Deploy.0 = Debug|Any CPU
		{751152A3-8B95-49EB-9169-8ACC088431FD}.Debug|ARM.ActiveCfg = Debug|ARM
		{751152A3-8B95-49EB-9169-8ACC088431FD}.Debug|ARM.Build.0 = Debug|ARM
		{751152A3-8B95-49EB-9169-8ACC088431FD}.Debug|ARM.Deploy.0 = Debug|ARM
		{751152A3-8B95-49EB-9169-8ACC088431FD}.Debug|iPhone.ActiveCfg = Debug|Any CPU
		{751152A3-8B95-49EB-9169-8ACC088431FD}.Debug|iPhone.Build.0 = Debug|Any CPU
		{751152A3-8B95-49EB-9169-8ACC088431FD}.Debug|iPhone.Deploy.0 = Debug|Any CPU
		{751152A3-8B95-49EB-9169-8ACC088431FD}.Debug|iPhoneSimulator.ActiveCfg = Debug|Any CPU
		{751152A3-8B95-49EB-9169-8ACC088431FD}.Debug|iPhoneSimulator.Build.0 = Debug|Any CPU
		{751152A3-8B95-49EB-9169-8ACC088431FD}.Debug|iPhoneSimulator.Deploy.0 = Debug|Any CPU
		{751152A3-8B95-49EB-9169-8ACC088431FD}.Debug|x64.ActiveCfg = Debug|Any CPU
		{751152A3-8B95-49EB-9169-8ACC088431FD}.Debug|x64.Build.0 = Debug|Any CPU
		{751152A3-8B95-49EB-9169-8ACC088431FD}.Debug|x64.Deploy.0 = Debug|Any CPU
		{751152A3-8B95-49EB-9169-8ACC088431FD}.Debug|x86.ActiveCfg = Debug|x86
		{751152A3-8B95-49EB-9169-8ACC088431FD}.Debug|x86.Build.0 = Debug|x86
		{751152A3-8B95-49EB-9169-8ACC088431FD}.Debug|x86.Deploy.0 = Debug|x86
		{751152A3-8B95-49EB-9169-8ACC088431FD}.Release|Any CPU.ActiveCfg = Release|Any CPU
		{751152A3-8B95-49EB-9169-8ACC088431FD}.Release|Any CPU.Build.0 = Release|Any CPU
		{751152A3-8B95-49EB-9169-8ACC088431FD}.Release|Any CPU.Deploy.0 = Release|Any CPU
		{751152A3-8B95-49EB-9169-8ACC088431FD}.Release|ARM.ActiveCfg = Release|ARM
		{751152A3-8B95-49EB-9169-8ACC088431FD}.Release|ARM.Build.0 = Release|ARM
		{751152A3-8B95-49EB-9169-8ACC088431FD}.Release|ARM.Deploy.0 = Release|ARM
		{751152A3-8B95-49EB-9169-8ACC088431FD}.Release|iPhone.ActiveCfg = Release|Any CPU
		{751152A3-8B95-49EB-9169-8ACC088431FD}.Release|iPhone.Build.0 = Release|Any CPU
		{751152A3-8B95-49EB-9169-8ACC088431FD}.Release|iPhone.Deploy.0 = Release|Any CPU
		{751152A3-8B95-49EB-9169-8ACC088431FD}.Release|iPhoneSimulator.ActiveCfg = Release|Any CPU
		{751152A3-8B95-49EB-9169-8ACC088431FD}.Release|iPhoneSimulator.Build.0 = Release|Any CPU
		{751152A3-8B95-49EB-9169-8ACC088431FD}.Release|iPhoneSimulator.Deploy.0 = Release|Any CPU
		{751152A3-8B95-49EB-9169-8ACC088431FD}.Release|x64.ActiveCfg = Release|Any CPU
		{751152A3-8B95-49EB-9169-8ACC088431FD}.Release|x64.Build.0 = Release|Any CPU
		{751152A3-8B95-49EB-9169-8ACC088431FD}.Release|x64.Deploy.0 = Release|Any CPU
		{751152A3-8B95-49EB-9169-8ACC088431FD}.Release|x86.ActiveCfg = Release|x86
		{751152A3-8B95-49EB-9169-8ACC088431FD}.Release|x86.Build.0 = Release|x86
		{751152A3-8B95-49EB-9169-8ACC088431FD}.Release|x86.Deploy.0 = Release|x86
		{C5D7EE9C-C04C-458A-A23C-113412A56CED}.Ad-Hoc|Any CPU.ActiveCfg = Release|x86
		{C5D7EE9C-C04C-458A-A23C-113412A56CED}.Ad-Hoc|Any CPU.Build.0 = Release|x86
		{C5D7EE9C-C04C-458A-A23C-113412A56CED}.Ad-Hoc|Any CPU.Deploy.0 = Release|x86
		{C5D7EE9C-C04C-458A-A23C-113412A56CED}.Ad-Hoc|ARM.ActiveCfg = Release|ARM
		{C5D7EE9C-C04C-458A-A23C-113412A56CED}.Ad-Hoc|ARM.Build.0 = Release|ARM
		{C5D7EE9C-C04C-458A-A23C-113412A56CED}.Ad-Hoc|ARM.Deploy.0 = Release|ARM
		{C5D7EE9C-C04C-458A-A23C-113412A56CED}.Ad-Hoc|iPhone.ActiveCfg = Release|x86
		{C5D7EE9C-C04C-458A-A23C-113412A56CED}.Ad-Hoc|iPhone.Build.0 = Release|x86
		{C5D7EE9C-C04C-458A-A23C-113412A56CED}.Ad-Hoc|iPhone.Deploy.0 = Release|x86
		{C5D7EE9C-C04C-458A-A23C-113412A56CED}.Ad-Hoc|iPhoneSimulator.ActiveCfg = Release|x86
		{C5D7EE9C-C04C-458A-A23C-113412A56CED}.Ad-Hoc|iPhoneSimulator.Build.0 = Release|x86
		{C5D7EE9C-C04C-458A-A23C-113412A56CED}.Ad-Hoc|iPhoneSimulator.Deploy.0 = Release|x86
		{C5D7EE9C-C04C-458A-A23C-113412A56CED}.Ad-Hoc|x64.ActiveCfg = Release|x64
		{C5D7EE9C-C04C-458A-A23C-113412A56CED}.Ad-Hoc|x64.Build.0 = Release|x64
		{C5D7EE9C-C04C-458A-A23C-113412A56CED}.Ad-Hoc|x64.Deploy.0 = Release|x64
		{C5D7EE9C-C04C-458A-A23C-113412A56CED}.Ad-Hoc|x86.ActiveCfg = Release|x86
		{C5D7EE9C-C04C-458A-A23C-113412A56CED}.Ad-Hoc|x86.Build.0 = Release|x86
		{C5D7EE9C-C04C-458A-A23C-113412A56CED}.Ad-Hoc|x86.Deploy.0 = Release|x86
		{C5D7EE9C-C04C-458A-A23C-113412A56CED}.AppStore|Any CPU.ActiveCfg = Release|x86
		{C5D7EE9C-C04C-458A-A23C-113412A56CED}.AppStore|Any CPU.Build.0 = Release|x86
		{C5D7EE9C-C04C-458A-A23C-113412A56CED}.AppStore|Any CPU.Deploy.0 = Release|x86
		{C5D7EE9C-C04C-458A-A23C-113412A56CED}.AppStore|ARM.ActiveCfg = Release|ARM
		{C5D7EE9C-C04C-458A-A23C-113412A56CED}.AppStore|ARM.Build.0 = Release|ARM
		{C5D7EE9C-C04C-458A-A23C-113412A56CED}.AppStore|ARM.Deploy.0 = Release|ARM
		{C5D7EE9C-C04C-458A-A23C-113412A56CED}.AppStore|iPhone.ActiveCfg = Release|x86
		{C5D7EE9C-C04C-458A-A23C-113412A56CED}.AppStore|iPhone.Build.0 = Release|x86
		{C5D7EE9C-C04C-458A-A23C-113412A56CED}.AppStore|iPhone.Deploy.0 = Release|x86
		{C5D7EE9C-C04C-458A-A23C-113412A56CED}.AppStore|iPhoneSimulator.ActiveCfg = Release|x86
		{C5D7EE9C-C04C-458A-A23C-113412A56CED}.AppStore|iPhoneSimulator.Build.0 = Release|x86
		{C5D7EE9C-C04C-458A-A23C-113412A56CED}.AppStore|iPhoneSimulator.Deploy.0 = Release|x86
		{C5D7EE9C-C04C-458A-A23C-113412A56CED}.AppStore|x64.ActiveCfg = Release|x64
		{C5D7EE9C-C04C-458A-A23C-113412A56CED}.AppStore|x64.Build.0 = Release|x64
		{C5D7EE9C-C04C-458A-A23C-113412A56CED}.AppStore|x64.Deploy.0 = Release|x64
		{C5D7EE9C-C04C-458A-A23C-113412A56CED}.AppStore|x86.ActiveCfg = Release|x86
		{C5D7EE9C-C04C-458A-A23C-113412A56CED}.AppStore|x86.Build.0 = Release|x86
		{C5D7EE9C-C04C-458A-A23C-113412A56CED}.AppStore|x86.Deploy.0 = Release|x86
		{C5D7EE9C-C04C-458A-A23C-113412A56CED}.Debug|Any CPU.ActiveCfg = Debug|x86
		{C5D7EE9C-C04C-458A-A23C-113412A56CED}.Debug|ARM.ActiveCfg = Debug|ARM
		{C5D7EE9C-C04C-458A-A23C-113412A56CED}.Debug|ARM.Build.0 = Debug|ARM
		{C5D7EE9C-C04C-458A-A23C-113412A56CED}.Debug|ARM.Deploy.0 = Debug|ARM
		{C5D7EE9C-C04C-458A-A23C-113412A56CED}.Debug|iPhone.ActiveCfg = Debug|x86
		{C5D7EE9C-C04C-458A-A23C-113412A56CED}.Debug|iPhoneSimulator.ActiveCfg = Debug|x86
		{C5D7EE9C-C04C-458A-A23C-113412A56CED}.Debug|x64.ActiveCfg = Debug|x64
		{C5D7EE9C-C04C-458A-A23C-113412A56CED}.Debug|x64.Build.0 = Debug|x64
		{C5D7EE9C-C04C-458A-A23C-113412A56CED}.Debug|x64.Deploy.0 = Debug|x64
		{C5D7EE9C-C04C-458A-A23C-113412A56CED}.Debug|x86.ActiveCfg = Debug|x86
		{C5D7EE9C-C04C-458A-A23C-113412A56CED}.Debug|x86.Build.0 = Debug|x86
		{C5D7EE9C-C04C-458A-A23C-113412A56CED}.Debug|x86.Deploy.0 = Debug|x86
		{C5D7EE9C-C04C-458A-A23C-113412A56CED}.Release|Any CPU.ActiveCfg = Release|x86
		{C5D7EE9C-C04C-458A-A23C-113412A56CED}.Release|ARM.ActiveCfg = Release|ARM
		{C5D7EE9C-C04C-458A-A23C-113412A56CED}.Release|ARM.Build.0 = Release|ARM
		{C5D7EE9C-C04C-458A-A23C-113412A56CED}.Release|ARM.Deploy.0 = Release|ARM
		{C5D7EE9C-C04C-458A-A23C-113412A56CED}.Release|iPhone.ActiveCfg = Release|x86
		{C5D7EE9C-C04C-458A-A23C-113412A56CED}.Release|iPhoneSimulator.ActiveCfg = Release|x86
		{C5D7EE9C-C04C-458A-A23C-113412A56CED}.Release|x64.ActiveCfg = Release|x64
		{C5D7EE9C-C04C-458A-A23C-113412A56CED}.Release|x64.Build.0 = Release|x64
		{C5D7EE9C-C04C-458A-A23C-113412A56CED}.Release|x64.Deploy.0 = Release|x64
		{C5D7EE9C-C04C-458A-A23C-113412A56CED}.Release|x86.ActiveCfg = Release|x86
		{C5D7EE9C-C04C-458A-A23C-113412A56CED}.Release|x86.Build.0 = Release|x86
		{C5D7EE9C-C04C-458A-A23C-113412A56CED}.Release|x86.Deploy.0 = Release|x86
		{2552EBCE-5B31-4CA0-9282-584424B5FE88}.Ad-Hoc|Any CPU.ActiveCfg = Release|Any CPU
		{2552EBCE-5B31-4CA0-9282-584424B5FE88}.Ad-Hoc|Any CPU.Build.0 = Release|Any CPU
		{2552EBCE-5B31-4CA0-9282-584424B5FE88}.Ad-Hoc|Any CPU.Deploy.0 = Release|Any CPU
		{2552EBCE-5B31-4CA0-9282-584424B5FE88}.Ad-Hoc|ARM.ActiveCfg = Release|ARM
		{2552EBCE-5B31-4CA0-9282-584424B5FE88}.Ad-Hoc|ARM.Build.0 = Release|ARM
		{2552EBCE-5B31-4CA0-9282-584424B5FE88}.Ad-Hoc|ARM.Deploy.0 = Release|ARM
		{2552EBCE-5B31-4CA0-9282-584424B5FE88}.Ad-Hoc|iPhone.ActiveCfg = Release|Any CPU
		{2552EBCE-5B31-4CA0-9282-584424B5FE88}.Ad-Hoc|iPhone.Build.0 = Release|Any CPU
		{2552EBCE-5B31-4CA0-9282-584424B5FE88}.Ad-Hoc|iPhone.Deploy.0 = Release|Any CPU
		{2552EBCE-5B31-4CA0-9282-584424B5FE88}.Ad-Hoc|iPhoneSimulator.ActiveCfg = Release|Any CPU
		{2552EBCE-5B31-4CA0-9282-584424B5FE88}.Ad-Hoc|iPhoneSimulator.Build.0 = Release|Any CPU
		{2552EBCE-5B31-4CA0-9282-584424B5FE88}.Ad-Hoc|iPhoneSimulator.Deploy.0 = Release|Any CPU
		{2552EBCE-5B31-4CA0-9282-584424B5FE88}.Ad-Hoc|x64.ActiveCfg = Release|x64
		{2552EBCE-5B31-4CA0-9282-584424B5FE88}.Ad-Hoc|x64.Build.0 = Release|x64
		{2552EBCE-5B31-4CA0-9282-584424B5FE88}.Ad-Hoc|x64.Deploy.0 = Release|x64
		{2552EBCE-5B31-4CA0-9282-584424B5FE88}.Ad-Hoc|x86.ActiveCfg = Release|x86
		{2552EBCE-5B31-4CA0-9282-584424B5FE88}.Ad-Hoc|x86.Build.0 = Release|x86
		{2552EBCE-5B31-4CA0-9282-584424B5FE88}.Ad-Hoc|x86.Deploy.0 = Release|x86
		{2552EBCE-5B31-4CA0-9282-584424B5FE88}.AppStore|Any CPU.ActiveCfg = Release|Any CPU
		{2552EBCE-5B31-4CA0-9282-584424B5FE88}.AppStore|Any CPU.Build.0 = Release|Any CPU
		{2552EBCE-5B31-4CA0-9282-584424B5FE88}.AppStore|Any CPU.Deploy.0 = Release|Any CPU
		{2552EBCE-5B31-4CA0-9282-584424B5FE88}.AppStore|ARM.ActiveCfg = Release|ARM
		{2552EBCE-5B31-4CA0-9282-584424B5FE88}.AppStore|ARM.Build.0 = Release|ARM
		{2552EBCE-5B31-4CA0-9282-584424B5FE88}.AppStore|ARM.Deploy.0 = Release|ARM
		{2552EBCE-5B31-4CA0-9282-584424B5FE88}.AppStore|iPhone.ActiveCfg = Release|Any CPU
		{2552EBCE-5B31-4CA0-9282-584424B5FE88}.AppStore|iPhone.Build.0 = Release|Any CPU
		{2552EBCE-5B31-4CA0-9282-584424B5FE88}.AppStore|iPhone.Deploy.0 = Release|Any CPU
		{2552EBCE-5B31-4CA0-9282-584424B5FE88}.AppStore|iPhoneSimulator.ActiveCfg = Release|Any CPU
		{2552EBCE-5B31-4CA0-9282-584424B5FE88}.AppStore|iPhoneSimulator.Build.0 = Release|Any CPU
		{2552EBCE-5B31-4CA0-9282-584424B5FE88}.AppStore|iPhoneSimulator.Deploy.0 = Release|Any CPU
		{2552EBCE-5B31-4CA0-9282-584424B5FE88}.AppStore|x64.ActiveCfg = Release|x64
		{2552EBCE-5B31-4CA0-9282-584424B5FE88}.AppStore|x64.Build.0 = Release|x64
		{2552EBCE-5B31-4CA0-9282-584424B5FE88}.AppStore|x64.Deploy.0 = Release|x64
		{2552EBCE-5B31-4CA0-9282-584424B5FE88}.AppStore|x86.ActiveCfg = Release|x86
		{2552EBCE-5B31-4CA0-9282-584424B5FE88}.AppStore|x86.Build.0 = Release|x86
		{2552EBCE-5B31-4CA0-9282-584424B5FE88}.AppStore|x86.Deploy.0 = Release|x86
		{2552EBCE-5B31-4CA0-9282-584424B5FE88}.Debug|Any CPU.ActiveCfg = Debug|Any CPU
		{2552EBCE-5B31-4CA0-9282-584424B5FE88}.Debug|ARM.ActiveCfg = Debug|ARM
		{2552EBCE-5B31-4CA0-9282-584424B5FE88}.Debug|ARM.Build.0 = Debug|ARM
		{2552EBCE-5B31-4CA0-9282-584424B5FE88}.Debug|ARM.Deploy.0 = Debug|ARM
		{2552EBCE-5B31-4CA0-9282-584424B5FE88}.Debug|iPhone.ActiveCfg = Debug|Any CPU
		{2552EBCE-5B31-4CA0-9282-584424B5FE88}.Debug|iPhone.Build.0 = Debug|Any CPU
		{2552EBCE-5B31-4CA0-9282-584424B5FE88}.Debug|iPhone.Deploy.0 = Debug|Any CPU
		{2552EBCE-5B31-4CA0-9282-584424B5FE88}.Debug|iPhoneSimulator.ActiveCfg = Debug|Any CPU
		{2552EBCE-5B31-4CA0-9282-584424B5FE88}.Debug|iPhoneSimulator.Build.0 = Debug|Any CPU
		{2552EBCE-5B31-4CA0-9282-584424B5FE88}.Debug|iPhoneSimulator.Deploy.0 = Debug|Any CPU
		{2552EBCE-5B31-4CA0-9282-584424B5FE88}.Debug|x64.ActiveCfg = Debug|x64
		{2552EBCE-5B31-4CA0-9282-584424B5FE88}.Debug|x64.Build.0 = Debug|x64
		{2552EBCE-5B31-4CA0-9282-584424B5FE88}.Debug|x64.Deploy.0 = Debug|x64
		{2552EBCE-5B31-4CA0-9282-584424B5FE88}.Debug|x86.ActiveCfg = Debug|x86
		{2552EBCE-5B31-4CA0-9282-584424B5FE88}.Debug|x86.Build.0 = Debug|x86
		{2552EBCE-5B31-4CA0-9282-584424B5FE88}.Debug|x86.Deploy.0 = Debug|x86
		{2552EBCE-5B31-4CA0-9282-584424B5FE88}.Release|Any CPU.ActiveCfg = Release|Any CPU
		{2552EBCE-5B31-4CA0-9282-584424B5FE88}.Release|Any CPU.Build.0 = Release|Any CPU
		{2552EBCE-5B31-4CA0-9282-584424B5FE88}.Release|Any CPU.Deploy.0 = Release|Any CPU
		{2552EBCE-5B31-4CA0-9282-584424B5FE88}.Release|ARM.ActiveCfg = Release|ARM
		{2552EBCE-5B31-4CA0-9282-584424B5FE88}.Release|ARM.Build.0 = Release|ARM
		{2552EBCE-5B31-4CA0-9282-584424B5FE88}.Release|ARM.Deploy.0 = Release|ARM
		{2552EBCE-5B31-4CA0-9282-584424B5FE88}.Release|iPhone.ActiveCfg = Release|Any CPU
		{2552EBCE-5B31-4CA0-9282-584424B5FE88}.Release|iPhone.Build.0 = Release|Any CPU
		{2552EBCE-5B31-4CA0-9282-584424B5FE88}.Release|iPhone.Deploy.0 = Release|Any CPU
		{2552EBCE-5B31-4CA0-9282-584424B5FE88}.Release|iPhoneSimulator.ActiveCfg = Release|Any CPU
		{2552EBCE-5B31-4CA0-9282-584424B5FE88}.Release|iPhoneSimulator.Build.0 = Release|Any CPU
		{2552EBCE-5B31-4CA0-9282-584424B5FE88}.Release|iPhoneSimulator.Deploy.0 = Release|Any CPU
		{2552EBCE-5B31-4CA0-9282-584424B5FE88}.Release|x64.ActiveCfg = Release|x64
		{2552EBCE-5B31-4CA0-9282-584424B5FE88}.Release|x64.Build.0 = Release|x64
		{2552EBCE-5B31-4CA0-9282-584424B5FE88}.Release|x64.Deploy.0 = Release|x64
		{2552EBCE-5B31-4CA0-9282-584424B5FE88}.Release|x86.ActiveCfg = Release|x86
		{2552EBCE-5B31-4CA0-9282-584424B5FE88}.Release|x86.Build.0 = Release|x86
		{2552EBCE-5B31-4CA0-9282-584424B5FE88}.Release|x86.Deploy.0 = Release|x86
	EndGlobalSection
	GlobalSection(SolutionProperties) = preSolution
		HideSolutionNode = FALSE
	EndGlobalSection
EndGlobal
